
Microsoft Visual Studio Solution File, Format Version 12.00
# Visual Studio Version 17
VisualStudioVersion = 17.4.33205.214
MinimumVisualStudioVersion = 10.0.40219.1
Project("{FAE04EC0-301F-11D3-BF4B-00C04F79EFBC}") = "operadorAritmetico", "operadorAritmetico\operadorAritmetico.csproj", "{464BCFF0-A3E0-4A7B-8DC1-EDDCC12E9232}"
EndProject
Global
	GlobalSection(SolutionConfigurationPlatforms) = preSolution
		Debug|Any CPU = Debug|Any CPU
		Release|Any CPU = Release|Any CPU
	EndGlobalSection
	GlobalSection(ProjectConfigurationPlatforms) = postSolution
		{464BCFF0-A3E0-4A7B-8DC1-EDDCC12E9232}.Debug|Any CPU.ActiveCfg = Debug|Any CPU
		{464BCFF0-A3E0-4A7B-8DC1-EDDCC12E9232}.Debug|Any CPU.Build.0 = Debug|Any CPU
		{464BCFF0-A3E0-4A7B-8DC1-EDDCC12E9232}.Release|Any CPU.ActiveCfg = Release|Any CPU
		{464BCFF0-A3E0-4A7B-8DC1-EDDCC12E9232}.Release|Any CPU.Build.0 = Release|Any CPU
	EndGlobalSection
	GlobalSection(SolutionProperties) = preSolution
		HideSolutionNode = FALSE
	EndGlobalSection
	GlobalSection(ExtensibilityGlobals) = postSolution
		SolutionGuid = {5482F125-C2EC-4D05-9931-D662BADB8CF8}
	EndGlobalSection
EndGlobal
