
Microsoft Visual Studio Solution File, Format Version 12.00
# Visual Studio Version 17
VisualStudioVersion = 17.4.33205.214
MinimumVisualStudioVersion = 10.0.40219.1
Project("{FAE04EC0-301F-11D3-BF4B-00C04F79EFBC}") = "jogoDePerguntas1", "jogoDePerguntas1\jogoDePerguntas1.csproj", "{7C397D9E-65D1-4871-83A4-9A59448B7DF5}"
EndProject
Global
	GlobalSection(SolutionConfigurationPlatforms) = preSolution
		Debug|Any CPU = Debug|Any CPU
		Release|Any CPU = Release|Any CPU
	EndGlobalSection
	GlobalSection(ProjectConfigurationPlatforms) = postSolution
		{7C397D9E-65D1-4871-83A4-9A59448B7DF5}.Debug|Any CPU.ActiveCfg = Debug|Any CPU
		{7C397D9E-65D1-4871-83A4-9A59448B7DF5}.Debug|Any CPU.Build.0 = Debug|Any CPU
		{7C397D9E-65D1-4871-83A4-9A59448B7DF5}.Release|Any CPU.ActiveCfg = Release|Any CPU
		{7C397D9E-65D1-4871-83A4-9A59448B7DF5}.Release|Any CPU.Build.0 = Release|Any CPU
	EndGlobalSection
	GlobalSection(SolutionProperties) = preSolution
		HideSolutionNode = FALSE
	EndGlobalSection
	GlobalSection(ExtensibilityGlobals) = postSolution
		SolutionGuid = {A7981AF7-8849-4243-B7F1-EFFE9F0BA748}
	EndGlobalSection
EndGlobal
