
Microsoft Visual Studio Solution File, Format Version 12.00
# Visual Studio Version 17
VisualStudioVersion = 17.4.33205.214
MinimumVisualStudioVersion = 10.0.40219.1
Project("{FAE04EC0-301F-11D3-BF4B-00C04F79EFBC}") = "metodos", "metodos\metodos.csproj", "{58461DE1-4E98-4434-98A3-A5351B9AC9EB}"
EndProject
Global
	GlobalSection(SolutionConfigurationPlatforms) = preSolution
		Debug|Any CPU = Debug|Any CPU
		Release|Any CPU = Release|Any CPU
	EndGlobalSection
	GlobalSection(ProjectConfigurationPlatforms) = postSolution
		{58461DE1-4E98-4434-98A3-A5351B9AC9EB}.Debug|Any CPU.ActiveCfg = Debug|Any CPU
		{58461DE1-4E98-4434-98A3-A5351B9AC9EB}.Debug|Any CPU.Build.0 = Debug|Any CPU
		{58461DE1-4E98-4434-98A3-A5351B9AC9EB}.Release|Any CPU.ActiveCfg = Release|Any CPU
		{58461DE1-4E98-4434-98A3-A5351B9AC9EB}.Release|Any CPU.Build.0 = Release|Any CPU
	EndGlobalSection
	GlobalSection(SolutionProperties) = preSolution
		HideSolutionNode = FALSE
	EndGlobalSection
	GlobalSection(ExtensibilityGlobals) = postSolution
		SolutionGuid = {A792A214-D259-4BBD-9CB4-FD634CBD678F}
	EndGlobalSection
EndGlobal
